lockfileVersion: '9.0'

settings:
  autoInstallPeers: true
  excludeLinksFromLockfile: false

importers:

  .:
    devDependencies:
      '@biomejs/biome':
        specifier: ^1.9.4
        version: 1.9.4
      '@playwright/test':
        specifier: ^1.52.0
        version: 1.52.0
      '@rsbuild/core':
        specifier: ^1.3.14
        version: 1.3.14
      '@rslib/core':
        specifier: ^0.6.8
        version: 0.6.8(typescript@5.8.3)
      '@types/node':
        specifier: ^22.15.3
        version: 22.15.3
      playwright:
        specifier: ^1.52.0
        version: 1.52.0
      simple-git-hooks:
        specifier: ^2.13.0
        version: 2.13.0
      typescript:
        specifier: ^5.8.3
        version: 5.8.3

  playground: {}

packages:

  '@ast-grep/napi-darwin-arm64@0.37.0':
    resolution: {integrity: sha512-QAiIiaAbLvMEg/yBbyKn+p1gX2/FuaC0SMf7D7capm/oG4xGMzdeaQIcSosF4TCxxV+hIH4Bz9e4/u7w6Bnk3Q==}
    engines: {node: '>= 10'}
    cpu: [arm64]
    os: [darwin]

  '@ast-grep/napi-darwin-x64@0.37.0':
    resolution: {integrity: sha512-zvcvdgekd4ySV3zUbUp8HF5nk5zqwiMXTuVzTUdl/w08O7JjM6XPOIVT+d2o/MqwM9rsXdzdergY5oY2RdhSPA==}
    engines: {node: '>= 10'}
    cpu: [x64]
    os: [darwin]

  '@ast-grep/napi-linux-arm64-gnu@0.37.0':
    resolution: {integrity: sha512-L7Sj0lXy8X+BqSMgr1LB8cCoWk0rericdeu+dC8/c8zpsav5Oo2IQKY1PmiZ7H8IHoFBbURLf8iklY9wsD+cyA==}
    engines: {node: '>= 10'}
    cpu: [arm64]
    os: [linux]

  '@ast-grep/napi-linux-arm64-musl@0.37.0':
    resolution: {integrity: sha512-LF9sAvYy6es/OdyJDO3RwkX3I82Vkfsng1sqUBcoWC1jVb1wX5YVzHtpQox9JrEhGl+bNp7FYxB4Qba9OdA5GA==}
    engines: {node: '>= 10'}
    cpu: [arm64]
    os: [linux]

  '@ast-grep/napi-linux-x64-gnu@0.37.0':
    resolution: {integrity: sha512-TViz5/klqre6aSmJzswEIjApnGjJzstG/SE8VDWsrftMBMYt2PTu3MeluZVwzSqDao8doT/P+6U11dU05UOgxw==}
    engines: {node: '>= 10'}
    cpu: [x64]
    os: [linux]

  '@ast-grep/napi-linux-x64-musl@0.37.0':
    resolution: {integrity: sha512-/BcCH33S9E3ovOAEoxYngUNXgb+JLg991sdyiNP2bSoYd30a9RHrG7CYwW6fMgua3ijQ474eV6cq9yZO1bCpXg==}
    engines: {node: '>= 10'}
    cpu: [x64]
    os: [linux]

  '@ast-grep/napi-win32-arm64-msvc@0.37.0':
    resolution: {integrity: sha512-TjQA4cFoIEW2bgjLkaL9yqT4XWuuLa5MCNd0VCDhGRDMNQ9+rhwi9eLOWRaap3xzT7g+nlbcEHL3AkVCD2+b3A==}
    engines: {node: '>= 10'}
    cpu: [arm64]
    os: [win32]

  '@ast-grep/napi-win32-ia32-msvc@0.37.0':
    resolution: {integrity: sha512-uNmVka8fJCdYsyOlF9aZqQMLTatEYBynjChVTzUfFMDfmZ0bihs/YTqJVbkSm8TZM7CUX82apvn50z/dX5iWRA==}
    engines: {node: '>= 10'}
    cpu: [ia32]
    os: [win32]

  '@ast-grep/napi-win32-x64-msvc@0.37.0':
    resolution: {integrity: sha512-vCiFOT3hSCQuHHfZ933GAwnPzmL0G04JxQEsBRfqONywyT8bSdDc/ECpAfr3S9VcS4JZ9/F6tkePKW/Om2Dq2g==}
    engines: {node: '>= 10'}
    cpu: [x64]
    os: [win32]

  '@ast-grep/napi@0.37.0':
    resolution: {integrity: sha512-Hb4o6h1Pf6yRUAX07DR4JVY7dmQw+RVQMW5/m55GoiAT/VRoKCWBtIUPPOnqDVhbx1Cjfil9b6EDrgJsUAujEQ==}
    engines: {node: '>= 10'}

  '@biomejs/biome@1.9.4':
    resolution: {integrity: sha512-1rkd7G70+o9KkTn5KLmDYXihGoTaIGO9PIIN2ZB7UJxFrWw04CZHPYiMRjYsaDvVV7hP1dYNRLxSANLaBFGpog==}
    engines: {node: '>=14.21.3'}
    hasBin: true

  '@biomejs/cli-darwin-arm64@1.9.4':
    resolution: {integrity: sha512-bFBsPWrNvkdKrNCYeAp+xo2HecOGPAy9WyNyB/jKnnedgzl4W4Hb9ZMzYNbf8dMCGmUdSavlYHiR01QaYR58cw==}
    engines: {node: '>=14.21.3'}
    cpu: [arm64]
    os: [darwin]

  '@biomejs/cli-darwin-x64@1.9.4':
    resolution: {integrity: sha512-ngYBh/+bEedqkSevPVhLP4QfVPCpb+4BBe2p7Xs32dBgs7rh9nY2AIYUL6BgLw1JVXV8GlpKmb/hNiuIxfPfZg==}
    engines: {node: '>=14.21.3'}
    cpu: [x64]
    os: [darwin]

  '@biomejs/cli-linux-arm64-musl@1.9.4':
    resolution: {integrity: sha512-v665Ct9WCRjGa8+kTr0CzApU0+XXtRgwmzIf1SeKSGAv+2scAlW6JR5PMFo6FzqqZ64Po79cKODKf3/AAmECqA==}
    engines: {node: '>=14.21.3'}
    cpu: [arm64]
    os: [linux]

  '@biomejs/cli-linux-arm64@1.9.4':
    resolution: {integrity: sha512-fJIW0+LYujdjUgJJuwesP4EjIBl/N/TcOX3IvIHJQNsAqvV2CHIogsmA94BPG6jZATS4Hi+xv4SkBBQSt1N4/g==}
    engines: {node: '>=14.21.3'}
    cpu: [arm64]
    os: [linux]

  '@biomejs/cli-linux-x64-musl@1.9.4':
    resolution: {integrity: sha512-gEhi/jSBhZ2m6wjV530Yy8+fNqG8PAinM3oV7CyO+6c3CEh16Eizm21uHVsyVBEB6RIM8JHIl6AGYCv6Q6Q9Tg==}
    engines: {node: '>=14.21.3'}
    cpu: [x64]
    os: [linux]

  '@biomejs/cli-linux-x64@1.9.4':
    resolution: {integrity: sha512-lRCJv/Vi3Vlwmbd6K+oQ0KhLHMAysN8lXoCI7XeHlxaajk06u7G+UsFSO01NAs5iYuWKmVZjmiOzJ0OJmGsMwg==}
    engines: {node: '>=14.21.3'}
    cpu: [x64]
    os: [linux]

  '@biomejs/cli-win32-arm64@1.9.4':
    resolution: {integrity: sha512-tlbhLk+WXZmgwoIKwHIHEBZUwxml7bRJgk0X2sPyNR3S93cdRq6XulAZRQJ17FYGGzWne0fgrXBKpl7l4M87Hg==}
    engines: {node: '>=14.21.3'}
    cpu: [arm64]
    os: [win32]

  '@biomejs/cli-win32-x64@1.9.4':
    resolution: {integrity: sha512-8Y5wMhVIPaWe6jw2H+KlEm4wP/f7EW3810ZLmDlrEEy5KvBsb9ECEfu/kMWD484ijfQ8+nIi0giMgu9g1UAuuA==}
    engines: {node: '>=14.21.3'}
    cpu: [x64]
    os: [win32]

  '@jridgewell/sourcemap-codec@1.5.0':
    resolution: {integrity: sha512-gv3ZRaISU3fjPAgNsriBRqGWQL6quFx04YMPW/zD8XMLsU32mhCCbfbO6KZFLjvYpCZ8zyDEgqsgf+PwPaM7GQ==}

  '@module-federation/error-codes@0.13.0':
    resolution: {integrity: sha512-4soAMLr7qcVWuvCsyRmBbiBfuhxmnDeyl+qzjMx8VurQgL+XQDQJapM9RXngNGT4g8FoCq9o7rM5YWNgFFNUiw==}

  '@module-federation/runtime-core@0.13.0':
    resolution: {integrity: sha512-Oj/1p0mfxZ+8EbU7ND4gMvRmikFpIvPCbblOgat9N8ZIVAKYpTimCgMhzg4yRqAwzlGCVwnnW7XZ8UlA+Zqrvg==}

  '@module-federation/runtime-tools@0.13.0':
    resolution: {integrity: sha512-6ECWX18yGrQKcmkrQoNPd5VEpxZP1SMaB/Bp55xlpEhsrpn4zHnriQluxDw6xldjSOLl1qbokfxwCwjS2OaEbg==}

  '@module-federation/runtime@0.13.0':
    resolution: {integrity: sha512-Ne/3AEVWz6LL6G/i41O5MC6YYlg0SatNNqG/0XbuMAfyGM+llRmB6VKt0o2+JR4isxWuPNp97TbUkkfORit6Eg==}

  '@module-federation/sdk@0.13.0':
    resolution: {integrity: sha512-JdMZaPD+EQvMJYS+/8/8QjaAHQ3qljogvioXBsAuedcStu/msn5e1Fswc0G34kXY9ixs2hUPZU2cAllfSKWIBQ==}

  '@module-federation/webpack-bundler-runtime@0.13.0':
    resolution: {integrity: sha512-ycgAsFeCTo+3GR8JxkhCyg2UZm6Au98ISdLTdVXYphO4UDcO/KjqyJen1LXEslkpCEohDj68Prei2fUHRruK6g==}

  '@playwright/test@1.52.0':
    resolution: {integrity: sha512-uh6W7sb55hl7D6vsAeA+V2p5JnlAqzhqFyF0VcJkKZXkgnFcVG9PziERRHQfPLfNGx1C292a4JqbWzhR8L4R1g==}
    engines: {node: '>=18'}
    hasBin: true

  '@rsbuild/core@1.3.14':
    resolution: {integrity: sha512-sfG/+23qVFbFj9CgglHaSRKxAuLbTQgOE2Iz6lpA8bRE56L2aZsSQl4v+p513lib6OH6PYttQdbLO9K8aVOfWg==}
    engines: {node: '>=16.10.0'}
    hasBin: true

  '@rslib/core@0.6.8':
    resolution: {integrity: sha512-0zwsanYLzskfBxLzSvcF8H4vUerqqIh+uFoGrwa6MYrT8AwGeDYRAuapWt3N3puB5dsxTu8tqnTbZMFjzkWFpw==}
    engines: {node: '>=16.7.0'}
    hasBin: true
    peerDependencies:
      '@microsoft/api-extractor': ^7
      typescript: ^5
    peerDependenciesMeta:
      '@microsoft/api-extractor':
        optional: true
      typescript:
        optional: true

  '@rspack/binding-darwin-arm64@1.3.8':
    resolution: {integrity: sha512-FlfWZzwCxDfLwyiqGaCSINHt2Er1Wno9xZrf2QM7Ss00HyocPo4BUYGYBEi4dai/fPFoeYKeEAdsNdrVmFH4+g==}
    cpu: [arm64]
    os: [darwin]

  '@rspack/binding-darwin-x64@1.3.8':
    resolution: {integrity: sha512-IGXDKHDHiL7WxE/OZMaeIuHzqOzDam3k8WrseHAdl5upKvCp/snwwGdulB/rqGxwkQIXIsv105vIFbGOAe2g0A==}
    cpu: [x64]
    os: [darwin]

  '@rspack/binding-linux-arm64-gnu@1.3.8':
    resolution: {integrity: sha512-PU9fv8knPvbxQb8NrDmTrLVpy8QY0vuhzk69/ZuLRW89c0P14HovYeHV+38cQHho4++avUQgVp6vnJI9vSQjtg==}
    cpu: [arm64]
    os: [linux]

  '@rspack/binding-linux-arm64-musl@1.3.8':
    resolution: {integrity: sha512-UMZBuTw5iXeA6gmtZYQvAb7g56odfoIkU6YvfqV67AMU0EY2y52sc7ABFloDzURJ1xd2om01Nlru8y48S2lMPw==}
    cpu: [arm64]
    os: [linux]

  '@rspack/binding-linux-x64-gnu@1.3.8':
    resolution: {integrity: sha512-48hfwVsD2/Caa0HgZiqE1T20H89cnomcaP92++x8t4IQ2uKA9xCeBW87RD/AaKXcb78aM987ctE+asKjN8OVjw==}
    cpu: [x64]
    os: [linux]

  '@rspack/binding-linux-x64-musl@1.3.8':
    resolution: {integrity: sha512-Jx+JlVnLzzVL/62NbEFaVcM2HU4QtNEF+wzo+yODNprx78ZLe3PJT/LdtwLMvE77K2PlGn5CZcmBay6Xwkd/2A==}
    cpu: [x64]
    os: [linux]

  '@rspack/binding-win32-arm64-msvc@1.3.8':
    resolution: {integrity: sha512-84tifCsYhir/p5GH0knBOXtLpfRzIFDxF4nF4bHsuwaA1uqwyk0WlWGt4ZwRUtyzh0TN4cJdnqJl/f5209BdLw==}
    cpu: [arm64]
    os: [win32]

  '@rspack/binding-win32-ia32-msvc@1.3.8':
    resolution: {integrity: sha512-Grrcfr95gRhJ7FbKtIxfhNAzSM+hvtD2jAMs9fmw/UrgiNsXeaWwJaYgImqHGirKIx8iygZ0t1q7ePIVM+SKMg==}
    cpu: [ia32]
    os: [win32]

  '@rspack/binding-win32-x64-msvc@1.3.8':
    resolution: {integrity: sha512-wW+Ig3kVqcRcY+3mxZnruN4AdeJYjbEBd2zvheEAOvx/DC+xEQ6czvDXbZEZQQ9rU/znhuKl0Z+898q8l3LwzA==}
    cpu: [x64]
    os: [win32]

  '@rspack/binding@1.3.8':
    resolution: {integrity: sha512-0oGrPgnwDsrDN7Swk7OZGvee8y/AdvDXF3f1QewkueJ5uyDaGszDxipEpf644HWIcj11fgNJQEphGEhaAVjofw==}

  '@rspack/core@1.3.8':
    resolution: {integrity: sha512-1zefymDypUROYzGGNa553JR1Ah8En25npwSRIZCuZvfjo6nME6XvjkMxQwhjzMStoqRmFD9+nKUHSiN5jVWWyw==}
    engines: {node: '>=16.0.0'}
    peerDependencies:
      '@swc/helpers': '>=0.5.1'
    peerDependenciesMeta:
      '@swc/helpers':
        optional: true

  '@rspack/lite-tapable@1.0.1':
    resolution: {integrity: sha512-VynGOEsVw2s8TAlLf/uESfrgfrq2+rcXB1muPJYBWbsm1Oa6r5qVQhjA5ggM6z/coYPrsVMgovl3Ff7Q7OCp1w==}
    engines: {node: '>=16.0.0'}

  '@swc/helpers@0.5.17':
    resolution: {integrity: sha512-5IKx/Y13RsYd+sauPb2x+U/xZikHjolzfuDgTAl/Tdf3Q8rslRvC19NKDLgAJQ6wsqADk10ntlv08nPFw/gO/A==}

  '@types/node@22.15.3':
    resolution: {integrity: sha512-lX7HFZeHf4QG/J7tBZqrCAXwz9J5RD56Y6MpP0eJkka8p+K0RY/yBTW7CYFJ4VGCclxqOLKmiGP5juQc6MKgcw==}

  caniuse-lite@1.0.30001716:
    resolution: {integrity: sha512-49/c1+x3Kwz7ZIWt+4DvK3aMJy9oYXXG6/97JKsnjdCk/6n9vVyWL8NAwVt95Lwt9eigI10Hl782kDfZUUlRXw==}

  core-js@3.41.0:
    resolution: {integrity: sha512-SJ4/EHwS36QMJd6h/Rg+GyR4A5xE0FSI3eZ+iBVpfqf1x0eTSg1smWLHrA+2jQThZSh97fmSgFSU8B61nxosxA==}

  fdir@6.4.4:
    resolution: {integrity: sha512-1NZP+GK4GfuAv3PqKvxQRDMjdSRZjnkq7KfhlNrCNNlZ0ygQFpebfrnfnq/W7fpUnAv9aGWmY1zKx7FYL3gwhg==}
    peerDependencies:
      picomatch: ^3 || ^4
    peerDependenciesMeta:
      picomatch:
        optional: true

  fsevents@2.3.2:
    resolution: {integrity: sha512-xiqMQR4xAeHTuB9uWm+fFRcIOgKBMiOBP+eXiyT7jsgVCq1bkVygt00oASowB7EdtpOHaaPgKt812P9ab+DDKA==}
    engines: {node: ^8.16.0 || ^10.6.0 || >=11.0.0}
    os: [darwin]

  jiti@2.4.2:
    resolution: {integrity: sha512-rg9zJN+G4n2nfJl5MW3BMygZX56zKPNVEYYqq7adpmMh4Jn2QNEwhvQlFy6jPVdcod7txZtKHWnyZiA3a0zP7A==}
    hasBin: true

  json5@2.2.3:
    resolution: {integrity: sha512-XmOWe7eyHYH14cLdVPoyg+GOH3rYX++KpzrylJwSW98t3Nk+U8XOl8FWKOgwtzdb8lXGf6zYwDUzeHMWfxasyg==}
    engines: {node: '>=6'}
    hasBin: true

  magic-string@0.30.17:
    resolution: {integrity: sha512-sNPKHvyjVf7gyjwS4xGTaW/mCnF8wnjtifKBEhxfZ7E/S8tQ0rssrwGNn6q8JH/ohItJfSQp9mBtQYuTlH5QnA==}

  minimist@1.2.8:
    resolution: {integrity: sha512-2yyAR8qBkN3YuheJanUpWC5U3bb5osDywNB8RzDVlDwDHbocAJveqqj1u8+SVD7jkWT4yvsHCpWqqWqAxb0zCA==}

  picocolors@1.1.1:
    resolution: {integrity: sha512-xceH2snhtb5M9liqDsmEw56le376mTZkEX/jEb/RxNFyegNul7eNslCXP9FDj/Lcu0X8KEyMceP2ntpaHrDEVA==}

  picomatch@4.0.2:
    resolution: {integrity: sha512-M7BAV6Rlcy5u+m6oPhAPFgJTzAioX/6B0DxyvDlo9l8+T3nLKbrczg2WLUyzd45L8RqfUMyGPzekbMvX2Ldkwg==}
    engines: {node: '>=12'}

  playwright-core@1.52.0:
    resolution: {integrity: sha512-l2osTgLXSMeuLZOML9qYODUQoPPnUsKsb5/P6LJ2e6uPKXUdPK5WYhN4z03G+YNbWmGDY4YENauNu4ZKczreHg==}
    engines: {node: '>=18'}
    hasBin: true

  playwright@1.52.0:
    resolution: {integrity: sha512-JAwMNMBlxJ2oD1kce4KPtMkDeKGHQstdpFPcPH3maElAXon/QZeTvtsfXmTMRyO9TslfoYOXkSsvao2nE1ilTw==}
    engines: {node: '>=18'}
    hasBin: true

  rsbuild-plugin-dts@0.6.8:
    resolution: {integrity: sha512-EkUPAmIIUmHj4pkmiuL9vPQpRQShkg4oNY1PJ/4u55i1pJfilOqT2s5Rr91MwUzd6/ThaefHGMPMl7agq8K0dw==}
    engines: {node: '>=16.7.0'}
    peerDependencies:
      '@microsoft/api-extractor': ^7
      '@rsbuild/core': 1.x
      typescript: ^5
    peerDependenciesMeta:
      '@microsoft/api-extractor':
        optional: true
      typescript:
        optional: true

  simple-git-hooks@2.13.0:
    resolution: {integrity: sha512-N+goiLxlkHJlyaYEglFypzVNMaNplPAk5syu0+OPp/Bk6dwVoXF6FfOw2vO0Dp+JHsBaI+w6cm8TnFl2Hw6tDA==}
    hasBin: true

  strip-bom@3.0.0:
    resolution: {integrity: sha512-vavAMRXOgBVNF6nyEEmL3DBK19iRpDcoIwW+swQ+CbGiu7lju6t+JklA1MHweoWtadgt4ISVUsXLyDq34ddcwA==}
    engines: {node: '>=4'}

  tinyglobby@0.2.13:
    resolution: {integrity: sha512-mEwzpUgrLySlveBwEVDMKk5B57bhLPYovRfPAXD5gA/98Opn0rCDj3GtLwFvCvH5RK9uPCExUROW5NjDwvqkxw==}
    engines: {node: '>=12.0.0'}

  tsconfig-paths@4.2.0:
    resolution: {integrity: sha512-NoZ4roiN7LnbKn9QqE1amc9DJfzvZXxF4xDavcOWt1BPkdx+m+0gJuPM+S0vCe7zTJMYUP0R8pO2XMr+Y8oLIg==}
    engines: {node: '>=6'}

  tslib@2.8.1:
    resolution: {integrity: sha512-oJFu94HQb+KVduSUQL7wnpmqnfmLsOA/nAh6b6EH0wCEoK0/mPeXU6c3wKDV83MkOuHPRHtSXKKU99IBazS/2w==}

  typescript@5.8.3:
    resolution: {integrity: sha512-p1diW6TqL9L07nNxvRMM7hMMw4c5XOo/1ibL4aAIGmSAt9slTE1Xgw5KWuof2uTOvCg9BY7ZRi+GaF+7sfgPeQ==}
    engines: {node: '>=14.17'}
    hasBin: true

  undici-types@6.21.0:
    resolution: {integrity: sha512-iwDZqg0QAGrg9Rav5H4n0M64c3mkR59cJ6wQp+7C4nI0gsmExaedaYLNO44eT4AtBBwjbTiGPMlt2Md0T9H9JQ==}

snapshots:

  '@ast-grep/napi-darwin-arm64@0.37.0':
    optional: true

  '@ast-grep/napi-darwin-x64@0.37.0':
    optional: true

  '@ast-grep/napi-linux-arm64-gnu@0.37.0':
    optional: true

  '@ast-grep/napi-linux-arm64-musl@0.37.0':
    optional: true

  '@ast-grep/napi-linux-x64-gnu@0.37.0':
    optional: true

  '@ast-grep/napi-linux-x64-musl@0.37.0':
    optional: true

  '@ast-grep/napi-win32-arm64-msvc@0.37.0':
    optional: true

  '@ast-grep/napi-win32-ia32-msvc@0.37.0':
    optional: true

  '@ast-grep/napi-win32-x64-msvc@0.37.0':
    optional: true

  '@ast-grep/napi@0.37.0':
    optionalDependencies:
      '@ast-grep/napi-darwin-arm64': 0.37.0
      '@ast-grep/napi-darwin-x64': 0.37.0
      '@ast-grep/napi-linux-arm64-gnu': 0.37.0
      '@ast-grep/napi-linux-arm64-musl': 0.37.0
      '@ast-grep/napi-linux-x64-gnu': 0.37.0
      '@ast-grep/napi-linux-x64-musl': 0.37.0
      '@ast-grep/napi-win32-arm64-msvc': 0.37.0
      '@ast-grep/napi-win32-ia32-msvc': 0.37.0
      '@ast-grep/napi-win32-x64-msvc': 0.37.0

  '@biomejs/biome@1.9.4':
    optionalDependencies:
      '@biomejs/cli-darwin-arm64': 1.9.4
      '@biomejs/cli-darwin-x64': 1.9.4
      '@biomejs/cli-linux-arm64': 1.9.4
      '@biomejs/cli-linux-arm64-musl': 1.9.4
      '@biomejs/cli-linux-x64': 1.9.4
      '@biomejs/cli-linux-x64-musl': 1.9.4
      '@biomejs/cli-win32-arm64': 1.9.4
      '@biomejs/cli-win32-x64': 1.9.4

  '@biomejs/cli-darwin-arm64@1.9.4':
    optional: true

  '@biomejs/cli-darwin-x64@1.9.4':
    optional: true

  '@biomejs/cli-linux-arm64-musl@1.9.4':
    optional: true

  '@biomejs/cli-linux-arm64@1.9.4':
    optional: true

  '@biomejs/cli-linux-x64-musl@1.9.4':
    optional: true

  '@biomejs/cli-linux-x64@1.9.4':
    optional: true

  '@biomejs/cli-win32-arm64@1.9.4':
    optional: true

  '@biomejs/cli-win32-x64@1.9.4':
    optional: true

  '@jridgewell/sourcemap-codec@1.5.0': {}

  '@module-federation/error-codes@0.13.0': {}

  '@module-federation/runtime-core@0.13.0':
    dependencies:
      '@module-federation/error-codes': 0.13.0
      '@module-federation/sdk': 0.13.0

  '@module-federation/runtime-tools@0.13.0':
    dependencies:
      '@module-federation/runtime': 0.13.0
      '@module-federation/webpack-bundler-runtime': 0.13.0

  '@module-federation/runtime@0.13.0':
    dependencies:
      '@module-federation/error-codes': 0.13.0
      '@module-federation/runtime-core': 0.13.0
      '@module-federation/sdk': 0.13.0

  '@module-federation/sdk@0.13.0': {}

  '@module-federation/webpack-bundler-runtime@0.13.0':
    dependencies:
      '@module-federation/runtime': 0.13.0
      '@module-federation/sdk': 0.13.0

  '@playwright/test@1.52.0':
    dependencies:
      playwright: 1.52.0

  '@rsbuild/core@1.3.14':
    dependencies:
      '@rspack/core': 1.3.8(@swc/helpers@0.5.17)
      '@rspack/lite-tapable': 1.0.1
      '@swc/helpers': 0.5.17
      core-js: 3.41.0
      jiti: 2.4.2

  '@rslib/core@0.6.8(typescript@5.8.3)':
    dependencies:
      '@rsbuild/core': 1.3.14
      rsbuild-plugin-dts: 0.6.8(@rsbuild/core@1.3.14)(typescript@5.8.3)
      tinyglobby: 0.2.13
    optionalDependencies:
      typescript: 5.8.3

  '@rspack/binding-darwin-arm64@1.3.8':
    optional: true

  '@rspack/binding-darwin-x64@1.3.8':
    optional: true

  '@rspack/binding-linux-arm64-gnu@1.3.8':
    optional: true

  '@rspack/binding-linux-arm64-musl@1.3.8':
    optional: true

  '@rspack/binding-linux-x64-gnu@1.3.8':
    optional: true

  '@rspack/binding-linux-x64-musl@1.3.8':
    optional: true

  '@rspack/binding-win32-arm64-msvc@1.3.8':
    optional: true

  '@rspack/binding-win32-ia32-msvc@1.3.8':
    optional: true

  '@rspack/binding-win32-x64-msvc@1.3.8':
    optional: true

  '@rspack/binding@1.3.8':
    optionalDependencies:
      '@rspack/binding-darwin-arm64': 1.3.8
      '@rspack/binding-darwin-x64': 1.3.8
      '@rspack/binding-linux-arm64-gnu': 1.3.8
      '@rspack/binding-linux-arm64-musl': 1.3.8
      '@rspack/binding-linux-x64-gnu': 1.3.8
      '@rspack/binding-linux-x64-musl': 1.3.8
      '@rspack/binding-win32-arm64-msvc': 1.3.8
      '@rspack/binding-win32-ia32-msvc': 1.3.8
      '@rspack/binding-win32-x64-msvc': 1.3.8

  '@rspack/core@1.3.8(@swc/helpers@0.5.17)':
    dependencies:
      '@module-federation/runtime-tools': 0.13.0
      '@rspack/binding': 1.3.8
      '@rspack/lite-tapable': 1.0.1
      caniuse-lite: 1.0.30001716
    optionalDependencies:
      '@swc/helpers': 0.5.17

  '@rspack/lite-tapable@1.0.1': {}

  '@swc/helpers@0.5.17':
    dependencies:
      tslib: 2.8.1

  '@types/node@22.15.3':
    dependencies:
      undici-types: 6.21.0

  caniuse-lite@1.0.30001716: {}

  core-js@3.41.0: {}

  fdir@6.4.4(picomatch@4.0.2):
    optionalDependencies:
      picomatch: 4.0.2

  fsevents@2.3.2:
    optional: true

  jiti@2.4.2: {}

  json5@2.2.3: {}

  magic-string@0.30.17:
    dependencies:
      '@jridgewell/sourcemap-codec': 1.5.0

  minimist@1.2.8: {}

  picocolors@1.1.1: {}

  picomatch@4.0.2: {}

  playwright-core@1.52.0: {}

  playwright@1.52.0:
    dependencies:
      playwright-core: 1.52.0
    optionalDependencies:
      fsevents: 2.3.2

  rsbuild-plugin-dts@0.6.8(@rsbuild/core@1.3.14)(typescript@5.8.3):
    dependencies:
      '@ast-grep/napi': 0.37.0
      '@rsbuild/core': 1.3.14
      magic-string: 0.30.17
      picocolors: 1.1.1
      tinyglobby: 0.2.13
      tsconfig-paths: 4.2.0
    optionalDependencies:
      typescript: 5.8.3

  simple-git-hooks@2.13.0: {}

  strip-bom@3.0.0: {}

  tinyglobby@0.2.13:
    dependencies:
      fdir: 6.4.4(picomatch@4.0.2)
      picomatch: 4.0.2

  tsconfig-paths@4.2.0:
    dependencies:
      json5: 2.2.3
      minimist: 1.2.8
      strip-bom: 3.0.0

  tslib@2.8.1: {}

  typescript@5.8.3: {}

  undici-types@6.21.0: {}
