lockfileVersion: '9.0'

settings:
  autoInstallPeers: true
  excludeLinksFromLockfile: false

importers:

  .:
    devDependencies:
      '@biomejs/biome':
        specifier: ^1.9.4
        version: 1.9.4
      '@playwright/test':
        specifier: ^1.49.0
        version: 1.49.0
      '@rsbuild/core':
        specifier: ^1.1.6
        version: 1.1.6
      '@rslib/core':
        specifier: ^0.1.1
        version: 0.1.1(typescript@5.7.2)
      '@types/node':
        specifier: ^22.10.1
        version: 22.10.1
      playwright:
        specifier: ^1.49.0
        version: 1.49.0
      simple-git-hooks:
        specifier: ^2.11.1
        version: 2.11.1
      typescript:
        specifier: ^5.7.2
        version: 5.7.2

  playground: {}

packages:

  '@biomejs/biome@1.9.4':
    resolution: {integrity: sha512-1rkd7G70+o9KkTn5KLmDYXihGoTaIGO9PIIN2ZB7UJxFrWw04CZHPYiMRjYsaDvVV7hP1dYNRLxSANLaBFGpog==}
    engines: {node: '>=14.21.3'}
    hasBin: true

  '@biomejs/cli-darwin-arm64@1.9.4':
    resolution: {integrity: sha512-bFBsPWrNvkdKrNCYeAp+xo2HecOGPAy9WyNyB/jKnnedgzl4W4Hb9ZMzYNbf8dMCGmUdSavlYHiR01QaYR58cw==}
    engines: {node: '>=14.21.3'}
    cpu: [arm64]
    os: [darwin]

  '@biomejs/cli-darwin-x64@1.9.4':
    resolution: {integrity: sha512-ngYBh/+bEedqkSevPVhLP4QfVPCpb+4BBe2p7Xs32dBgs7rh9nY2AIYUL6BgLw1JVXV8GlpKmb/hNiuIxfPfZg==}
    engines: {node: '>=14.21.3'}
    cpu: [x64]
    os: [darwin]

  '@biomejs/cli-linux-arm64-musl@1.9.4':
    resolution: {integrity: sha512-v665Ct9WCRjGa8+kTr0CzApU0+XXtRgwmzIf1SeKSGAv+2scAlW6JR5PMFo6FzqqZ64Po79cKODKf3/AAmECqA==}
    engines: {node: '>=14.21.3'}
    cpu: [arm64]
    os: [linux]

  '@biomejs/cli-linux-arm64@1.9.4':
    resolution: {integrity: sha512-fJIW0+LYujdjUgJJuwesP4EjIBl/N/TcOX3IvIHJQNsAqvV2CHIogsmA94BPG6jZATS4Hi+xv4SkBBQSt1N4/g==}
    engines: {node: '>=14.21.3'}
    cpu: [arm64]
    os: [linux]

  '@biomejs/cli-linux-x64-musl@1.9.4':
    resolution: {integrity: sha512-gEhi/jSBhZ2m6wjV530Yy8+fNqG8PAinM3oV7CyO+6c3CEh16Eizm21uHVsyVBEB6RIM8JHIl6AGYCv6Q6Q9Tg==}
    engines: {node: '>=14.21.3'}
    cpu: [x64]
    os: [linux]

  '@biomejs/cli-linux-x64@1.9.4':
    resolution: {integrity: sha512-lRCJv/Vi3Vlwmbd6K+oQ0KhLHMAysN8lXoCI7XeHlxaajk06u7G+UsFSO01NAs5iYuWKmVZjmiOzJ0OJmGsMwg==}
    engines: {node: '>=14.21.3'}
    cpu: [x64]
    os: [linux]

  '@biomejs/cli-win32-arm64@1.9.4':
    resolution: {integrity: sha512-tlbhLk+WXZmgwoIKwHIHEBZUwxml7bRJgk0X2sPyNR3S93cdRq6XulAZRQJ17FYGGzWne0fgrXBKpl7l4M87Hg==}
    engines: {node: '>=14.21.3'}
    cpu: [arm64]
    os: [win32]

  '@biomejs/cli-win32-x64@1.9.4':
    resolution: {integrity: sha512-8Y5wMhVIPaWe6jw2H+KlEm4wP/f7EW3810ZLmDlrEEy5KvBsb9ECEfu/kMWD484ijfQ8+nIi0giMgu9g1UAuuA==}
    engines: {node: '>=14.21.3'}
    cpu: [x64]
    os: [win32]

  '@jridgewell/sourcemap-codec@1.5.0':
    resolution: {integrity: sha512-gv3ZRaISU3fjPAgNsriBRqGWQL6quFx04YMPW/zD8XMLsU32mhCCbfbO6KZFLjvYpCZ8zyDEgqsgf+PwPaM7GQ==}

  '@module-federation/runtime-tools@0.5.1':
    resolution: {integrity: sha512-nfBedkoZ3/SWyO0hnmaxuz0R0iGPSikHZOAZ0N/dVSQaIzlffUo35B5nlC2wgWIc0JdMZfkwkjZRrnuuDIJbzg==}

  '@module-federation/runtime@0.5.1':
    resolution: {integrity: sha512-xgiMUWwGLWDrvZc9JibuEbXIbhXg6z2oUkemogSvQ4LKvrl/n0kbqP1Blk669mXzyWbqtSp6PpvNdwaE1aN5xQ==}

  '@module-federation/sdk@0.5.1':
    resolution: {integrity: sha512-exvchtjNURJJkpqjQ3/opdbfeT2wPKvrbnGnyRkrwW5o3FH1LaST1tkiNviT6OXTexGaVc2DahbdniQHVtQ7pA==}

  '@module-federation/webpack-bundler-runtime@0.5.1':
    resolution: {integrity: sha512-mMhRFH0k2VjwHt3Jol9JkUsmI/4XlrAoBG3E0o7HoyoPYv1UFOWyqAflfANcUPgbYpvqmyLzDcO+3IT36LXnrA==}

  '@playwright/test@1.49.0':
    resolution: {integrity: sha512-DMulbwQURa8rNIQrf94+jPJQ4FmOVdpE5ZppRNvWVjvhC+6sOeo28r8MgIpQRYouXRtt/FCCXU7zn20jnHR4Qw==}
    engines: {node: '>=18'}
    hasBin: true

  '@rsbuild/core@1.1.6':
    resolution: {integrity: sha512-u9Elj+xfgIPRD8rEXioE6xBJOdEGt0Pw1iJiGm/gU28FmH3QmOEFq2Jvo70RsOISNOy18kEM9y0RsqVgtVrpNw==}
    engines: {node: '>=16.7.0'}
    hasBin: true

  '@rslib/core@0.1.1':
    resolution: {integrity: sha512-D/zCLzhNNM7DkuR/XNVFyB9er8OpmBpSJZQYeQgjuShg+JtXTWYX/DbmTniHpeO9B0ydMFS84WFO9ZAzGlDd6A==}
    engines: {node: '>=16.0.0'}
    hasBin: true
    peerDependencies:
      '@microsoft/api-extractor': ^7
      typescript: ^5
    peerDependenciesMeta:
      '@microsoft/api-extractor':
        optional: true
      typescript:
        optional: true

  '@rspack/binding-darwin-arm64@1.1.4':
    resolution: {integrity: sha512-mSN9OWvenbD125THkj3nFOlJCk5o44C8uc0YH7gK1uR77g98USiC/4eSWXKqP+sRfDBplQEzannuPrBW1nPimQ==}
    cpu: [arm64]
    os: [darwin]

  '@rspack/binding-darwin-x64@1.1.4':
    resolution: {integrity: sha512-ECmcTJecXwqhqqpOjfjIcwDp8UqJ3D1Crc2COG+wUfwejtbqs9twUTaufZz7U7xna+oyfJ4GRNSKS9xs4N2kPQ==}
    cpu: [x64]
    os: [darwin]

  '@rspack/binding-linux-arm64-gnu@1.1.4':
    resolution: {integrity: sha512-QVRFV6+z1DopeGn8rLRbBNrWXuBvp7J19lTtvx9F5mItzTiBVHmNqFt31namm59xkhHJ3leng7l2F39qcOMOIA==}
    cpu: [arm64]
    os: [linux]

  '@rspack/binding-linux-arm64-musl@1.1.4':
    resolution: {integrity: sha512-UCateQWfEpEyFOC/tkuicXpIm81s5DavcwKjX3wwh1JB/KO6UxGHK8F75BV4K3Coo/UEiNCvL8xrB7eDjMDwYg==}
    cpu: [arm64]
    os: [linux]

  '@rspack/binding-linux-x64-gnu@1.1.4':
    resolution: {integrity: sha512-Nz5Bt1PDxebVRU321h9AGkLRQL5n9Xgt+rluWAXLVtyxM9aPavmvu1n6/G9stXwQdnUVrZIUs7EzhIhWBe5R/A==}
    cpu: [x64]
    os: [linux]

  '@rspack/binding-linux-x64-musl@1.1.4':
    resolution: {integrity: sha512-1XG795a+M4vE7JLyeDa1oktr4WU/I5IQ9d8Vk3PVtF59IxnKpjOb3vdGhXP7Ke2zWP6C2YQzWotez6AbO3uWeA==}
    cpu: [x64]
    os: [linux]

  '@rspack/binding-win32-arm64-msvc@1.1.4':
    resolution: {integrity: sha512-1hXOgHxnrBmjBNUluy9MbFMQi4lnAS199JD5UHRc2mx5i+D8cjAiBsWHzIcK4xzsxu2IYgVGsJcdIA8/zV/PVQ==}
    cpu: [arm64]
    os: [win32]

  '@rspack/binding-win32-ia32-msvc@1.1.4':
    resolution: {integrity: sha512-Jfq6gF5QKOYZsgDYRx+fWipDHmtHxq6jniws1WAE8F5w1qIt/dAHzW3a6+3VwCih9lQEEH3Rimy/ECB0oergng==}
    cpu: [ia32]
    os: [win32]

  '@rspack/binding-win32-x64-msvc@1.1.4':
    resolution: {integrity: sha512-d9HUGVfNFhB+r32kDPkzHeMmgwemTFsDymnWJUgUrojzTJ326JrDmEXVeCnAHfwBSC9w4/mp4H+4iGhIdKSo9w==}
    cpu: [x64]
    os: [win32]

  '@rspack/binding@1.1.4':
    resolution: {integrity: sha512-XdR/4DACpLqNjxEw+ikg5FN2dQbOAxj7fDlndNio0l+m8ThPiIsetkJ2FNSlxt/K4SVnIrwAkhE5kabVNKR4EA==}

  '@rspack/core@1.1.4':
    resolution: {integrity: sha512-JUU1pS11TY3/MwnezBfLLp3+7zfkd4Adzo8Pv4f4R1KoJyX1FYBFBcKnfZBlaGYi2C2e5ZDrrHxQlrPmygjbuw==}
    engines: {node: '>=16.0.0'}
    peerDependencies:
      '@swc/helpers': '>=0.5.1'
    peerDependenciesMeta:
      '@swc/helpers':
        optional: true

  '@rspack/lite-tapable@1.0.1':
    resolution: {integrity: sha512-VynGOEsVw2s8TAlLf/uESfrgfrq2+rcXB1muPJYBWbsm1Oa6r5qVQhjA5ggM6z/coYPrsVMgovl3Ff7Q7OCp1w==}
    engines: {node: '>=16.0.0'}

  '@swc/helpers@0.5.15':
    resolution: {integrity: sha512-JQ5TuMi45Owi4/BIMAJBoSQoOJu12oOk/gADqlcUL9JEdHB8vyjUSsxqeNXnmXHjYKMi2WcYtezGEEhqUI/E2g==}

  '@types/node@22.10.1':
    resolution: {integrity: sha512-qKgsUwfHZV2WCWLAnVP1JqnpE6Im6h3Y0+fYgMTasNQ7V++CBX5OT1as0g0f+OyubbFqhf6XVNIsmN4IIhEgGQ==}

  caniuse-lite@1.0.30001662:
    resolution: {integrity: sha512-sgMUVwLmGseH8ZIrm1d51UbrhqMCH3jvS7gF/M6byuHOnKyLOBL7W8yz5V02OHwgLGA36o/AFhWzzh4uc5aqTA==}

  core-js@3.39.0:
    resolution: {integrity: sha512-raM0ew0/jJUqkJ0E6e8UDtl+y/7ktFivgWvqw8dNSQeNWoSDLvQ1H/RN3aPXB9tBd4/FhyR4RDPGhsNIMsAn7g==}

  fdir@6.4.2:
    resolution: {integrity: sha512-KnhMXsKSPZlAhp7+IjUkRZKPb4fUyccpDrdFXbi4QL1qkmFh9kVY09Yox+n4MaOb3lHZ1Tv829C3oaaXoMYPDQ==}
    peerDependencies:
      picomatch: ^3 || ^4
    peerDependenciesMeta:
      picomatch:
        optional: true

  fsevents@2.3.2:
    resolution: {integrity: sha512-xiqMQR4xAeHTuB9uWm+fFRcIOgKBMiOBP+eXiyT7jsgVCq1bkVygt00oASowB7EdtpOHaaPgKt812P9ab+DDKA==}
    engines: {node: ^8.16.0 || ^10.6.0 || >=11.0.0}
    os: [darwin]

  magic-string@0.30.14:
    resolution: {integrity: sha512-5c99P1WKTed11ZC0HMJOj6CDIue6F8ySu+bJL+85q1zBEIY8IklrJ1eiKC2NDRh3Ct3FcvmJPyQHb9erXMTJNw==}

  picocolors@1.1.1:
    resolution: {integrity: sha512-xceH2snhtb5M9liqDsmEw56le376mTZkEX/jEb/RxNFyegNul7eNslCXP9FDj/Lcu0X8KEyMceP2ntpaHrDEVA==}

  picomatch@4.0.2:
    resolution: {integrity: sha512-M7BAV6Rlcy5u+m6oPhAPFgJTzAioX/6B0DxyvDlo9l8+T3nLKbrczg2WLUyzd45L8RqfUMyGPzekbMvX2Ldkwg==}
    engines: {node: '>=12'}

  playwright-core@1.49.0:
    resolution: {integrity: sha512-R+3KKTQF3npy5GTiKH/T+kdhoJfJojjHESR1YEWhYuEKRVfVaxH3+4+GvXE5xyCngCxhxnykk0Vlah9v8fs3jA==}
    engines: {node: '>=18'}
    hasBin: true

  playwright@1.49.0:
    resolution: {integrity: sha512-eKpmys0UFDnfNb3vfsf8Vx2LEOtflgRebl0Im2eQQnYMA4Aqd+Zw8bEOB+7ZKvN76901mRnqdsiOGKxzVTbi7A==}
    engines: {node: '>=18'}
    hasBin: true

  rsbuild-plugin-dts@0.1.1:
    resolution: {integrity: sha512-pm0tVPioQGaF8O50S9j51oAjIVfM0Sn0+BteZ1TIv5t3cBdQmI9dmd15YJERrwsZAAUPAtuwIWM1TmEGH2m4zQ==}
    engines: {node: '>=16.0.0'}
    peerDependencies:
      '@microsoft/api-extractor': ^7
      '@rsbuild/core': 1.x
      typescript: ^5
    peerDependenciesMeta:
      '@microsoft/api-extractor':
        optional: true
      typescript:
        optional: true

  simple-git-hooks@2.11.1:
    resolution: {integrity: sha512-tgqwPUMDcNDhuf1Xf6KTUsyeqGdgKMhzaH4PAZZuzguOgTl5uuyeYe/8mWgAr6IBxB5V06uqEf6Dy37gIWDtDg==}
    hasBin: true

  tinyglobby@0.2.10:
    resolution: {integrity: sha512-Zc+8eJlFMvgatPZTl6A9L/yht8QqdmUNtURHaKZLmKBE12hNPSrqNkUp2cs3M/UKmNVVAMFQYSjYIVHDjW5zew==}
    engines: {node: '>=12.0.0'}

  tslib@2.8.1:
    resolution: {integrity: sha512-oJFu94HQb+KVduSUQL7wnpmqnfmLsOA/nAh6b6EH0wCEoK0/mPeXU6c3wKDV83MkOuHPRHtSXKKU99IBazS/2w==}

  typescript@5.7.2:
    resolution: {integrity: sha512-i5t66RHxDvVN40HfDd1PsEThGNnlMCMT3jMUuoh9/0TaqWevNontacunWyN02LA9/fIbEWlcHZcgTKb9QoaLfg==}
    engines: {node: '>=14.17'}
    hasBin: true

  undici-types@6.20.0:
    resolution: {integrity: sha512-Ny6QZ2Nju20vw1SRHe3d9jVu6gJ+4e3+MMpqu7pqE5HT6WsTSlce++GQmK5UXS8mzV8DSYHrQH+Xrf2jVcuKNg==}

snapshots:

  '@biomejs/biome@1.9.4':
    optionalDependencies:
      '@biomejs/cli-darwin-arm64': 1.9.4
      '@biomejs/cli-darwin-x64': 1.9.4
      '@biomejs/cli-linux-arm64': 1.9.4
      '@biomejs/cli-linux-arm64-musl': 1.9.4
      '@biomejs/cli-linux-x64': 1.9.4
      '@biomejs/cli-linux-x64-musl': 1.9.4
      '@biomejs/cli-win32-arm64': 1.9.4
      '@biomejs/cli-win32-x64': 1.9.4

  '@biomejs/cli-darwin-arm64@1.9.4':
    optional: true

  '@biomejs/cli-darwin-x64@1.9.4':
    optional: true

  '@biomejs/cli-linux-arm64-musl@1.9.4':
    optional: true

  '@biomejs/cli-linux-arm64@1.9.4':
    optional: true

  '@biomejs/cli-linux-x64-musl@1.9.4':
    optional: true

  '@biomejs/cli-linux-x64@1.9.4':
    optional: true

  '@biomejs/cli-win32-arm64@1.9.4':
    optional: true

  '@biomejs/cli-win32-x64@1.9.4':
    optional: true

  '@jridgewell/sourcemap-codec@1.5.0': {}

  '@module-federation/runtime-tools@0.5.1':
    dependencies:
      '@module-federation/runtime': 0.5.1
      '@module-federation/webpack-bundler-runtime': 0.5.1

  '@module-federation/runtime@0.5.1':
    dependencies:
      '@module-federation/sdk': 0.5.1

  '@module-federation/sdk@0.5.1': {}

  '@module-federation/webpack-bundler-runtime@0.5.1':
    dependencies:
      '@module-federation/runtime': 0.5.1
      '@module-federation/sdk': 0.5.1

  '@playwright/test@1.49.0':
    dependencies:
      playwright: 1.49.0

  '@rsbuild/core@1.1.6':
    dependencies:
      '@rspack/core': 1.1.4(@swc/helpers@0.5.15)
      '@rspack/lite-tapable': 1.0.1
      '@swc/helpers': 0.5.15
      core-js: 3.39.0

  '@rslib/core@0.1.1(typescript@5.7.2)':
    dependencies:
      '@rsbuild/core': 1.1.6
      rsbuild-plugin-dts: 0.1.1(@rsbuild/core@1.1.6)(typescript@5.7.2)
      tinyglobby: 0.2.10
    optionalDependencies:
      typescript: 5.7.2

  '@rspack/binding-darwin-arm64@1.1.4':
    optional: true

  '@rspack/binding-darwin-x64@1.1.4':
    optional: true

  '@rspack/binding-linux-arm64-gnu@1.1.4':
    optional: true

  '@rspack/binding-linux-arm64-musl@1.1.4':
    optional: true

  '@rspack/binding-linux-x64-gnu@1.1.4':
    optional: true

  '@rspack/binding-linux-x64-musl@1.1.4':
    optional: true

  '@rspack/binding-win32-arm64-msvc@1.1.4':
    optional: true

  '@rspack/binding-win32-ia32-msvc@1.1.4':
    optional: true

  '@rspack/binding-win32-x64-msvc@1.1.4':
    optional: true

  '@rspack/binding@1.1.4':
    optionalDependencies:
      '@rspack/binding-darwin-arm64': 1.1.4
      '@rspack/binding-darwin-x64': 1.1.4
      '@rspack/binding-linux-arm64-gnu': 1.1.4
      '@rspack/binding-linux-arm64-musl': 1.1.4
      '@rspack/binding-linux-x64-gnu': 1.1.4
      '@rspack/binding-linux-x64-musl': 1.1.4
      '@rspack/binding-win32-arm64-msvc': 1.1.4
      '@rspack/binding-win32-ia32-msvc': 1.1.4
      '@rspack/binding-win32-x64-msvc': 1.1.4

  '@rspack/core@1.1.4(@swc/helpers@0.5.15)':
    dependencies:
      '@module-federation/runtime-tools': 0.5.1
      '@rspack/binding': 1.1.4
      '@rspack/lite-tapable': 1.0.1
      caniuse-lite: 1.0.30001662
    optionalDependencies:
      '@swc/helpers': 0.5.15

  '@rspack/lite-tapable@1.0.1': {}

  '@swc/helpers@0.5.15':
    dependencies:
      tslib: 2.8.1

  '@types/node@22.10.1':
    dependencies:
      undici-types: 6.20.0

  caniuse-lite@1.0.30001662: {}

  core-js@3.39.0: {}

  fdir@6.4.2(picomatch@4.0.2):
    optionalDependencies:
      picomatch: 4.0.2

  fsevents@2.3.2:
    optional: true

  magic-string@0.30.14:
    dependencies:
      '@jridgewell/sourcemap-codec': 1.5.0

  picocolors@1.1.1: {}

  picomatch@4.0.2: {}

  playwright-core@1.49.0: {}

  playwright@1.49.0:
    dependencies:
      playwright-core: 1.49.0
    optionalDependencies:
      fsevents: 2.3.2

  rsbuild-plugin-dts@0.1.1(@rsbuild/core@1.1.6)(typescript@5.7.2):
    dependencies:
      '@rsbuild/core': 1.1.6
      magic-string: 0.30.14
      picocolors: 1.1.1
      tinyglobby: 0.2.10
    optionalDependencies:
      typescript: 5.7.2

  simple-git-hooks@2.11.1: {}

  tinyglobby@0.2.10:
    dependencies:
      fdir: 6.4.2(picomatch@4.0.2)
      picomatch: 4.0.2

  tslib@2.8.1: {}

  typescript@5.7.2: {}

  undici-types@6.20.0: {}
